// !$*UTF8*$!
{
	archiveVersion = 1;
	classes = {
	};
	objectVersion = 46;
	objects = {

/* Begin PBXBuildFile section */
		9B3DCE1B1C802A8A002CF2A3 /* AppDelegate.swift in Sources */ = {isa = PBXBuildFile; fileRef = 9B3DCE1A1C802A8A002CF2A3 /* AppDelegate.swift */; };
		9B3DCE1D1C802A8A002CF2A3 /* ViewController.swift in Sources */ = {isa = PBXBuildFile; fileRef = 9B3DCE1C1C802A8A002CF2A3 /* ViewController.swift */; };
		9B3DCE201C802A8A002CF2A3 /* Main.storyboard in Resources */ = {isa = PBXBuildFile; fileRef = 9B3DCE1E1C802A8A002CF2A3 /* Main.storyboard */; };
		9B3DCE221C802A8A002CF2A3 /* Images.xcassets in Resources */ = {isa = PBXBuildFile; fileRef = 9B3DCE211C802A8A002CF2A3 /* Images.xcassets */; };
		9B3DCE251C802A8A002CF2A3 /* LaunchScreen.xib in Resources */ = {isa = PBXBuildFile; fileRef = 9B3DCE231C802A8A002CF2A3 /* LaunchScreen.xib */; };
		9B3DCE311C802A8A002CF2A3 /* Section2WarmupTests.swift in Sources */ = {isa = PBXBuildFile; fileRef = 9B3DCE301C802A8A002CF2A3 /* Section2WarmupTests.swift */; };
/* End PBXBuildFile section */

/* Begin PBXContainerItemProxy section */
		9B3DCE2B1C802A8A002CF2A3 /* PBXContainerItemProxy */ = {
			isa = PBXContainerItemProxy;
			containerPortal = 9B3DCE0D1C802A8A002CF2A3 /* Project object */;
			proxyType = 1;
			remoteGlobalIDString = 9B3DCE141C802A8A002CF2A3;
			remoteInfo = Section2Warmup;
		};
/* End PBXContainerItemProxy section */

/* Begin PBXFileReference section */
		9B3DCE151C802A8A002CF2A3 /* Section2Warmup.app */ = {isa = PBXFileReference; explicitFileType = wrapper.application; includeInIndex = 0; path = Section2Warmup.app; sourceTree = BUILT_PRODUCTS_DIR; };
		9B3DCE191C802A8A002CF2A3 /* Info.plist */ = {isa = PBXFileReference; lastKnownFileType = text.plist.xml; path = Info.plist; sourceTree = "<group>"; };
		9B3DCE1A1C802A8A002CF2A3 /* AppDelegate.swift */ = {isa = PBXFileReference; lastKnownFileType = sourcecode.swift; path = AppDelegate.swift; sourceTree = "<group>"; };
		9B3DCE1C1C802A8A002CF2A3 /* ViewController.swift */ = {isa = PBXFileReference; lastKnownFileType = sourcecode.swift; path = ViewController.swift; sourceTree = "<group>"; };
		9B3DCE1F1C802A8A002CF2A3 /* Base */ = {isa = PBXFileReference; lastKnownFileType = file.storyboard; name = Base; path = Base.lproj/Main.storyboard; sourceTree = "<group>"; };
		9B3DCE211C802A8A002CF2A3 /* Images.xcassets */ = {isa = PBXFileReference; lastKnownFileType = folder.assetcatalog; path = Images.xcassets; sourceTree = "<group>"; };
		9B3DCE241C802A8A002CF2A3 /* Base */ = {isa = PBXFileReference; lastKnownFileType = file.xib; name = Base; path = Base.lproj/LaunchScreen.xib; sourceTree = "<group>"; };
		9B3DCE2A1C802A8A002CF2A3 /* Section2WarmupTests.xctest */ = {isa = PBXFileReference; explicitFileType = wrapper.cfbundle; includeInIndex = 0; path = Section2WarmupTests.xctest; sourceTree = BUILT_PRODUCTS_DIR; };
		9B3DCE2F1C802A8A002CF2A3 /* Info.plist */ = {isa = PBXFileReference; lastKnownFileType = text.plist.xml; path = Info.plist; sourceTree = "<group>"; };
		9B3DCE301C802A8A002CF2A3 /* Section2WarmupTests.swift */ = {isa = PBXFileReference; lastKnownFileType = sourcecode.swift; path = Section2WarmupTests.swift; sourceTree = "<group>"; };
/* End PBXFileReference section */

/* Begin PBXFrameworksBuildPhase section */
		9B3DCE121C802A8A002CF2A3 /* Frameworks */ = {
			isa = PBXFrameworksBuildPhase;
			buildActionMask = 2147483647;
			files = (
			);
			runOnlyForDeploymentPostprocessing = 0;
		};
		9B3DCE271C802A8A002CF2A3 /* Frameworks */ = {
			isa = PBXFrameworksBuildPhase;
			buildActionMask = 2147483647;
			files = (
			);
			runOnlyForDeploymentPostprocessing = 0;
		};
/* End PBXFrameworksBuildPhase section */

/* Begin PBXGroup section */
		9B3DCE0C1C802A8A002CF2A3 = {
			isa = PBXGroup;
			children = (
				9B3DCE171C802A8A002CF2A3 /* Section2Warmup */,
				9B3DCE2D1C802A8A002CF2A3 /* Section2WarmupTests */,
				9B3DCE161C802A8A002CF2A3 /* Products */,
			);
			sourceTree = "<group>";
		};
		9B3DCE161C802A8A002CF2A3 /* Products */ = {
			isa = PBXGroup;
			children = (
				9B3DCE151C802A8A002CF2A3 /* Section2Warmup.app */,
				9B3DCE2A1C802A8A002CF2A3 /* Section2WarmupTests.xctest */,
			);
			name = Products;
			sourceTree = "<group>";
		};
		9B3DCE171C802A8A002CF2A3 /* Section2Warmup */ = {
			isa = PBXGroup;
			children = (
				9B3DCE1A1C802A8A002CF2A3 /* AppDelegate.swift */,
				9B3DCE1C1C802A8A002CF2A3 /* ViewController.swift */,
				9B3DCE1E1C802A8A002CF2A3 /* Main.storyboard */,
				9B3DCE211C802A8A002CF2A3 /* Images.xcassets */,
				9B3DCE231C802A8A002CF2A3 /* LaunchScreen.xib */,
				9B3DCE181C802A8A002CF2A3 /* Supporting Files */,
			);
			path = Section2Warmup;
			sourceTree = "<group>";
		};
		9B3DCE181C802A8A002CF2A3 /* Supporting Files */ = {
			isa = PBXGroup;
			children = (
				9B3DCE191C802A8A002CF2A3 /* Info.plist */,
			);
			name = "Supporting Files";
			sourceTree = "<group>";
		};
		9B3DCE2D1C802A8A002CF2A3 /* Section2WarmupTests */ = {
			isa = PBXGroup;
			children = (
				9B3DCE301C802A8A002CF2A3 /* Section2WarmupTests.swift */,
				9B3DCE2E1C802A8A002CF2A3 /* Supporting Files */,
			);
			path = Section2WarmupTests;
			sourceTree = "<group>";
		};
		9B3DCE2E1C802A8A002CF2A3 /* Supporting Files */ = {
			isa = PBXGroup;
			children = (
				9B3DCE2F1C802A8A002CF2A3 /* Info.plist */,
			);
			name = "Supporting Files";
			sourceTree = "<group>";
		};
/* End PBXGroup section */

/* Begin PBXNativeTarget section */
		9B3DCE141C802A8A002CF2A3 /* Section2Warmup */ = {
			isa = PBXNativeTarget;
			buildConfigurationList = 9B3DCE341C802A8A002CF2A3 /* Build configuration list for PBXNativeTarget "Section2Warmup" */;
			buildPhases = (
				9B3DCE111C802A8A002CF2A3 /* Sources */,
				9B3DCE121C802A8A002CF2A3 /* Frameworks */,
				9B3DCE131C802A8A002CF2A3 /* Resources */,
			);
			buildRules = (
			);
			dependencies = (
			);
			name = Section2Warmup;
			productName = Section2Warmup;
			productReference = 9B3DCE151C802A8A002CF2A3 /* Section2Warmup.app */;
			productType = "com.apple.product-type.application";
		};
		9B3DCE291C802A8A002CF2A3 /* Section2WarmupTests */ = {
			isa = PBXNativeTarget;
			buildConfigurationList = 9B3DCE371C802A8A002CF2A3 /* Build configuration list for PBXNativeTarget "Section2WarmupTests" */;
			buildPhases = (
				9B3DCE261C802A8A002CF2A3 /* Sources */,
				9B3DCE271C802A8A002CF2A3 /* Frameworks */,
				9B3DCE281C802A8A002CF2A3 /* Resources */,
			);
			buildRules = (
			);
			dependencies = (
				9B3DCE2C1C802A8A002CF2A3 /* PBXTargetDependency */,
			);
			name = Section2WarmupTests;
			productName = Section2WarmupTests;
			productReference = 9B3DCE2A1C802A8A002CF2A3 /* Section2WarmupTests.xctest */;
			productType = "com.apple.product-type.bundle.unit-test";
		};
/* End PBXNativeTarget section */

/* Begin PBXProject section */
		9B3DCE0D1C802A8A002CF2A3 /* Project object */ = {
			isa = PBXProject;
			attributes = {
				LastUpgradeCheck = 0630;
				ORGANIZATIONNAME = "Lee Blume";
				TargetAttributes = {
					9B3DCE141C802A8A002CF2A3 = {
						CreatedOnToolsVersion = 6.3;
					};
					9B3DCE291C802A8A002CF2A3 = {
						CreatedOnToolsVersion = 6.3;
						TestTargetID = 9B3DCE141C802A8A002CF2A3;
					};
				};
			};
			buildConfigurationList = 9B3DCE101C802A8A002CF2A3 /* Build configuration list for PBXProject "Section2Warmup" */;
			compatibilityVersion = "Xcode 3.2";
			developmentRegion = English;
			hasScannedForEncodings = 0;
			knownRegions = (
				en,
				Base,
			);
			mainGroup = 9B3DCE0C1C802A8A002CF2A3;
			productRefGroup = 9B3DCE161C802A8A002CF2A3 /* Products */;
			projectDirPath = "";
			projectRoot = "";
			targets = (
				9B3DCE141C802A8A002CF2A3 /* Section2Warmup */,
				9B3DCE291C802A8A002CF2A3 /* Section2WarmupTests */,
			);
		};
/* End PBXProject section */

/* Begin PBXResourcesBuildPhase section */
		9B3DCE131C802A8A002CF2A3 /* Resources */ = {
			isa = PBXResourcesBuildPhase;
			buildActionMask = 2147483647;
			files = (
				9B3DCE201C802A8A002CF2A3 /* Main.storyboard in Resources */,
				9B3DCE251C802A8A002CF2A3 /* LaunchScreen.xib in Resources */,
				9B3DCE221C802A8A002CF2A3 /* Images.xcassets in Resources */,
			);
			runOnlyForDeploymentPostprocessing = 0;
		};
		9B3DCE281C802A8A002CF2A3 /* Resources */ = {
			isa = PBXResourcesBuildPhase;
			buildActionMask = 2147483647;
			files = (
			);
			runOnlyForDeploymentPostprocessing = 0;
		};
/* End PBXResourcesBuildPhase section */

/* Begin PBXSourcesBuildPhase section */
		9B3DCE111C802A8A002CF2A3 /* Sources */ = {
			isa = PBXSourcesBuildPhase;
			buildActionMask = 2147483647;
			files = (
				9B3DCE1D1C802A8A002CF2A3 /* ViewController.swift in Sources */,
				9B3DCE1B1C802A8A002CF2A3 /* AppDelegate.swift in Sources */,
			);
			runOnlyForDeploymentPostprocessing = 0;
		};
		9B3DCE261C802A8A002CF2A3 /* Sources */ = {
			isa = PBXSourcesBuildPhase;
			buildActionMask = 2147483647;
			files = (
				9B3DCE311C802A8A002CF2A3 /* Section2WarmupTests.swift in Sources */,
			);
			runOnlyForDeploymentPostprocessing = 0;
		};
/* End PBXSourcesBuildPhase section */

/* Begin PBXTargetDependency section */
		9B3DCE2C1C802A8A002CF2A3 /* PBXTargetDependency */ = {
			isa = PBXTargetDependency;
			target = 9B3DCE141C802A8A002CF2A3 /* Section2Warmup */;
			targetProxy = 9B3DCE2B1C802A8A002CF2A3 /* PBXContainerItemProxy */;
		};
/* End PBXTargetDependency section */

/* Begin PBXVariantGroup section */
		9B3DCE1E1C802A8A002CF2A3 /* Main.storyboard */ = {
			isa = PBXVariantGroup;
			children = (
				9B3DCE1F1C802A8A002CF2A3 /* Base */,
			);
			name = Main.storyboard;
			sourceTree = "<group>";
		};
		9B3DCE231C802A8A002CF2A3 /* LaunchScreen.xib */ = {
			isa = PBXVariantGroup;
			children = (
				9B3DCE241C802A8A002CF2A3 /* Base */,
			);
			name = LaunchScreen.xib;
			sourceTree = "<group>";
		};
/* End PBXVariantGroup section */

/* Begin XCBuildConfiguration section */
		9B3DCE321C802A8A002CF2A3 /* Debug */ = {
			isa = XCBuildConfiguration;
			buildSettings = {
				ALWAYS_SEARCH_USER_PATHS = NO;
				CLANG_CXX_LANGUAGE_STANDARD = "gnu++0x";
				CLANG_CXX_LIBRARY = "libc++";
				CLANG_ENABLE_MODULES = YES;
				CLANG_ENABLE_OBJC_ARC = YES;
				CLANG_WARN_BOOL_CONVERSION = YES;
				CLANG_WARN_CONSTANT_CONVERSION = YES;
				CLANG_WARN_DIRECT_OBJC_ISA_USAGE = YES_ERROR;
				CLANG_WARN_EMPTY_BODY = YES;
				CLANG_WARN_ENUM_CONVERSION = YES;
				CLANG_WARN_INT_CONVERSION = YES;
				CLANG_WARN_OBJC_ROOT_CLASS = YES_ERROR;
				CLANG_WARN_UNREACHABLE_CODE = YES;
				CLANG_WARN__DUPLICATE_METHOD_MATCH = YES;
				"CODE_SIGN_IDENTITY[sdk=iphoneos*]" = "iPhone Developer";
				COPY_PHASE_STRIP = NO;
				DEBUG_INFORMATION_FORMAT = "dwarf-with-dsym";
				ENABLE_STRICT_OBJC_MSGSEND = YES;
				GCC_C_LANGUAGE_STANDARD = gnu99;
				GCC_DYNAMIC_NO_PIC = NO;
				GCC_NO_COMMON_BLOCKS = YES;
				GCC_OPTIMIZATION_LEVEL = 0;
				GCC_PREPROCESSOR_DEFINITIONS = (
					"DEBUG=1",
					"$(inherited)",
				);
				GCC_SYMBOLS_PRIVATE_EXTERN = NO;
				GCC_WARN_64_TO_32_BIT_CONVERSION = YES;
				GCC_WARN_ABOUT_RETURN_TYPE = YES_ERROR;
				GCC_WARN_UNDECLARED_SELECTOR = YES;
				GCC_WARN_UNINITIALIZED_AUTOS = YES_AGGRESSIVE;
				GCC_WARN_UNUSED_FUNCTION = YES;
				GCC_WARN_UNUSED_VARIABLE = YES;
				IPHONEOS_DEPLOYMENT_TARGET = 8.3;
				MTL_ENABLE_DEBUG_INFO = YES;
				ONLY_ACTIVE_ARCH = YES;
				SDKROOT = iphoneos;
				SWIFT_OPTIMIZATION_LEVEL = "-Onone";
			};
			name = Debug;
		};
		9B3DCE331C802A8A002CF2A3 /* Release */ = {
			isa = XCBuildConfiguration;
			buildSettings = {
				ALWAYS_SEARCH_USER_PATHS = NO;
				CLANG_CXX_LANGUAGE_STANDARD = "gnu++0x";
				CLANG_CXX_LIBRARY = "libc++";
				CLANG_ENABLE_MODULES = YES;
				CLANG_ENABLE_OBJC_ARC = YES;
				CLANG_WARN_BOOL_CONVERSION = YES;
				CLANG_WARN_CONSTANT_CONVERSION = YES;
				CLANG_WARN_DIRECT_OBJC_ISA_USAGE = YES_ERROR;
				CLANG_WARN_EMPTY_BODY = YES;
				CLANG_WARN_ENUM_CONVERSION = YES;
				CLANG_WARN_INT_CONVERSION = YES;
				CLANG_WARN_OBJC_ROOT_CLASS = YES_ERROR;
				CLANG_WARN_UNREACHABLE_CODE = YES;
				CLANG_WARN__DUPLICATE_METHOD_MATCH = YES;
				"CODE_SIGN_IDENTITY[sdk=iphoneos*]" = "iPhone Developer";
				COPY_PHASE_STRIP = NO;
				DEBUG_INFORMATION_FORMAT = "dwarf-with-dsym";
				ENABLE_NS_ASSERTIONS = NO;
				ENABLE_STRICT_OBJC_MSGSEND = YES;
				GCC_C_LANGUAGE_STANDARD = gnu99;
				GCC_NO_COMMON_BLOCKS = YES;
				GCC_WARN_64_TO_32_BIT_CONVERSION = YES;
				GCC_WARN_ABOUT_RETURN_TYPE = YES_ERROR;
				GCC_WARN_UNDECLARED_SELECTOR = YES;
				GCC_WARN_UNINITIALIZED_AUTOS = YES_AGGRESSIVE;
				GCC_WARN_UNUSED_FUNCTION = YES;
				GCC_WARN_UNUSED_VARIABLE = YES;
				IPHONEOS_DEPLOYMENT_TARGET = 8.3;
				MTL_ENABLE_DEBUG_INFO = NO;
				SDKROOT = iphoneos;
				VALIDATE_PRODUCT = YES;
			};
			name = Release;
		};
		9B3DCE351C802A8A002CF2A3 /* Debug */ = {
			isa = XCBuildConfiguration;
			buildSettings = {
				ASSETCATALOG_COMPILER_APPICON_NAME = AppIcon;
				INFOPLIST_FILE = Section2Warmup/Info.plist;
				LD_RUNPATH_SEARCH_PATHS = "$(inherited) @executable_path/Frameworks";
				PRODUCT_NAME = "$(TARGET_NAME)";
			};
			name = Debug;
		};
		9B3DCE361C802A8A002CF2A3 /* Release */ = {
			isa = XCBuildConfiguration;
			buildSettings = {
				ASSETCATALOG_COMPILER_APPICON_NAME = AppIcon;
				INFOPLIST_FILE = Section2Warmup/Info.plist;
				LD_RUNPATH_SEARCH_PATHS = "$(inherited) @executable_path/Frameworks";
				PRODUCT_NAME = "$(TARGET_NAME)";
			};
			name = Release;
		};
		9B3DCE381C802A8A002CF2A3 /* Debug */ = {
			isa = XCBuildConfiguration;
			buildSettings = {
				BUNDLE_LOADER = "$(TEST_HOST)";
				FRAMEWORK_SEARCH_PATHS = (
					"$(SDKROOT)/Developer/Library/Frameworks",
					"$(inherited)",
				);
				GCC_PREPROCESSOR_DEFINITIONS = (
					"DEBUG=1",
					"$(inherited)",
				);
				INFOPLIST_FILE = Section2WarmupTests/Info.plist;
				LD_RUNPATH_SEARCH_PATHS = "$(inherited) @executable_path/Frameworks @loader_path/Frameworks";
				PRODUCT_NAME = "$(TARGET_NAME)";
				TEST_HOST = "$(BUILT_PRODUCTS_DIR)/Section2Warmup.app/Section2Warmup";
			};
			name = Debug;
		};
		9B3DCE391C802A8A002CF2A3 /* Release */ = {
			isa = XCBuildConfiguration;
			buildSettings = {
				BUNDLE_LOADER = "$(TEST_HOST)";
				FRAMEWORK_SEARCH_PATHS = (
					"$(SDKROOT)/Developer/Library/Frameworks",
					"$(inherited)",
				);
				INFOPLIST_FILE = Section2WarmupTests/Info.plist;
				LD_RUNPATH_SEARCH_PATHS = "$(inherited) @executable_path/Frameworks @loader_path/Frameworks";
				PRODUCT_NAME = "$(TARGET_NAME)";
				TEST_HOST = "$(BUILT_PRODUCTS_DIR)/Section2Warmup.app/Section2Warmup";
			};
			name = Release;
		};
/* End XCBuildConfiguration section */

/* Begin XCConfigurationList section */
		9B3DCE101C802A8A002CF2A3 /* Build configuration list for PBXProject "Section2Warmup" */ = {
			isa = XCConfigurationList;
			buildConfigurations = (
				9B3DCE321C802A8A002CF2A3 /* Debug */,
				9B3DCE331C802A8A002CF2A3 /* Release */,
			);
			defaultConfigurationIsVisible = 0;
			defaultConfigurationName = Release;
		};
		9B3DCE341C802A8A002CF2A3 /* Build configuration list for PBXNativeTarget "Section2Warmup" */ = {
			isa = XCConfigurationList;
			buildConfigurations = (
				9B3DCE351C802A8A002CF2A3 /* Debug */,
				9B3DCE361C802A8A002CF2A3 /* Release */,
			);
			defaultConfigurationIsVisible = 0;
		};
		9B3DCE371C802A8A002CF2A3 /* Build configuration list for PBXNativeTarget "Section2WarmupTests" */ = {
			isa = XCConfigurationList;
			buildConfigurations = (
				9B3DCE381C802A8A002CF2A3 /* Debug */,
				9B3DCE391C802A8A002CF2A3 /* Release */,
			);
			defaultConfigurationIsVisible = 0;
		};
/* End XCConfigurationList section */
	};
	rootObject = 9B3DCE0D1C802A8A002CF2A3 /* Project object */;
}
